// !$*UTF8*$!
{
	archiveVersion = 1;
	classes = {
	};
	objectVersion = 55;
	objects = {

/* Begin PBXBuildFile section */
		BD69EB2728866FE800FC4DE3 /* AppDelegate.swift in Sources */ = {isa = PBXBuildFile; fileRef = BD69EB2628866FE800FC4DE3 /* AppDelegate.swift */; };
		BD69EB2928866FE800FC4DE3 /* SceneDelegate.swift in Sources */ = {isa = PBXBuildFile; fileRef = BD69EB2828866FE800FC4DE3 /* SceneDelegate.swift */; };
		BD69EB2B28866FE800FC4DE3 /* ViewController.swift in Sources */ = {isa = PBXBuildFile; fileRef = BD69EB2A28866FE800FC4DE3 /* ViewController.swift */; };
		BD69EB2E28866FE800FC4DE3 /* Main.storyboard in Resources */ = {isa = PBXBuildFile; fileRef = BD69EB2C28866FE800FC4DE3 /* Main.storyboard */; };
		BD69EB3028866FE800FC4DE3 /* Assets.xcassets in Resources */ = {isa = PBXBuildFile; fileRef = BD69EB2F28866FE800FC4DE3 /* Assets.xcassets */; };
		BD69EB3328866FE800FC4DE3 /* LaunchScreen.storyboard in Resources */ = {isa = PBXBuildFile; fileRef = BD69EB3128866FE800FC4DE3 /* LaunchScreen.storyboard */; };
		BD7BD93F2887A72000026F37 /* productPage.swift in Sources */ = {isa = PBXBuildFile; fileRef = BD7BD93E2887A72000026F37 /* productPage.swift */; };
		BD7BD9412887A80600026F37 /* openingPage.swift in Sources */ = {isa = PBXBuildFile; fileRef = BD7BD9402887A80600026F37 /* openingPage.swift */; };
		BDCAB7D32888DCF400BFBB5C /* videoPage.swift in Sources */ = {isa = PBXBuildFile; fileRef = BDCAB7D22888DCF400BFBB5C /* videoPage.swift */; };
/* End PBXBuildFile section */

/* Begin PBXFileReference section */
		BD69EB2328866FE800FC4DE3 /* esteeLauder.app */ = {isa = PBXFileReference; explicitFileType = wrapper.application; includeInIndex = 0; path = esteeLauder.app; sourceTree = BUILT_PRODUCTS_DIR; };
		BD69EB2628866FE800FC4DE3 /* AppDelegate.swift */ = {isa = PBXFileReference; lastKnownFileType = sourcecode.swift; path = AppDelegate.swift; sourceTree = "<group>"; };
		BD69EB2828866FE800FC4DE3 /* SceneDelegate.swift */ = {isa = PBXFileReference; lastKnownFileType = sourcecode.swift; path = SceneDelegate.swift; sourceTree = "<group>"; };
		BD69EB2A28866FE800FC4DE3 /* ViewController.swift */ = {isa = PBXFileReference; lastKnownFileType = sourcecode.swift; path = ViewController.swift; sourceTree = "<group>"; };
		BD69EB2D28866FE800FC4DE3 /* Base */ = {isa = PBXFileReference; lastKnownFileType = file.storyboard; name = Base; path = Base.lproj/Main.storyboard; sourceTree = "<group>"; };
		BD69EB2F28866FE800FC4DE3 /* Assets.xcassets */ = {isa = PBXFileReference; lastKnownFileType = folder.assetcatalog; path = Assets.xcassets; sourceTree = "<group>"; };
		BD69EB3228866FE800FC4DE3 /* Base */ = {isa = PBXFileReference; lastKnownFileType = file.storyboard; name = Base; path = Base.lproj/LaunchScreen.storyboard; sourceTree = "<group>"; };
		BD69EB3428866FE800FC4DE3 /* Info.plist */ = {isa = PBXFileReference; lastKnownFileType = text.plist.xml; path = Info.plist; sourceTree = "<group>"; };
		BD7BD93E2887A72000026F37 /* productPage.swift */ = {isa = PBXFileReference; lastKnownFileType = sourcecode.swift; path = productPage.swift; sourceTree = "<group>"; };
		BD7BD9402887A80600026F37 /* openingPage.swift */ = {isa = PBXFileReference; lastKnownFileType = sourcecode.swift; path = openingPage.swift; sourceTree = "<group>"; };
		BDCAB7D22888DCF400BFBB5C /* videoPage.swift */ = {isa = PBXFileReference; lastKnownFileType = sourcecode.swift; path = videoPage.swift; sourceTree = "<group>"; };
/* End PBXFileReference section */

/* Begin PBXFrameworksBuildPhase section */
		BD69EB2028866FE800FC4DE3 /* Frameworks */ = {
			isa = PBXFrameworksBuildPhase;
			buildActionMask = 2147483647;
			files = (
			);
			runOnlyForDeploymentPostprocessing = 0;
		};
/* End PBXFrameworksBuildPhase section */

/* Begin PBXGroup section */
		BD69EB1A28866FE800FC4DE3 = {
			isa = PBXGroup;
			children = (
				BD69EB2528866FE800FC4DE3 /* esteeLauder */,
				BD69EB2428866FE800FC4DE3 /* Products */,
			);
			sourceTree = "<group>";
		};
		BD69EB2428866FE800FC4DE3 /* Products */ = {
			isa = PBXGroup;
			children = (
				BD69EB2328866FE800FC4DE3 /* esteeLauder.app */,
			);
			name = Products;
			sourceTree = "<group>";
		};
		BD69EB2528866FE800FC4DE3 /* esteeLauder */ = {
			isa = PBXGroup;
			children = (
				BD69EB2628866FE800FC4DE3 /* AppDelegate.swift */,
				BD69EB2828866FE800FC4DE3 /* SceneDelegate.swift */,
				BD69EB2A28866FE800FC4DE3 /* ViewController.swift */,
				BD7BD9402887A80600026F37 /* openingPage.swift */,
				BD7BD93E2887A72000026F37 /* productPage.swift */,
				BDCAB7D22888DCF400BFBB5C /* videoPage.swift */,
				BD69EB2C28866FE800FC4DE3 /* Main.storyboard */,
				BD69EB2F28866FE800FC4DE3 /* Assets.xcassets */,
				BD69EB3128866FE800FC4DE3 /* LaunchScreen.storyboard */,
				BD69EB3428866FE800FC4DE3 /* Info.plist */,
			);
			path = esteeLauder;
			sourceTree = "<group>";
		};
/* End PBXGroup section */

/* Begin PBXNativeTarget section */
		BD69EB2228866FE800FC4DE3 /* esteeLauder */ = {
			isa = PBXNativeTarget;
			buildConfigurationList = BD69EB3728866FE800FC4DE3 /* Build configuration list for PBXNativeTarget "esteeLauder" */;
			buildPhases = (
				BD69EB1F28866FE800FC4DE3 /* Sources */,
				BD69EB2028866FE800FC4DE3 /* Frameworks */,
				BD69EB2128866FE800FC4DE3 /* Resources */,
			);
			buildRules = (
			);
			dependencies = (
			);
			name = esteeLauder;
			productName = esteeLauder;
			productReference = BD69EB2328866FE800FC4DE3 /* esteeLauder.app */;
			productType = "com.apple.product-type.application";
		};
/* End PBXNativeTarget section */

/* Begin PBXProject section */
		BD69EB1B28866FE800FC4DE3 /* Project object */ = {
			isa = PBXProject;
			attributes = {
				BuildIndependentTargetsInParallel = 1;
				LastSwiftUpdateCheck = 1340;
				LastUpgradeCheck = 1340;
				TargetAttributes = {
					BD69EB2228866FE800FC4DE3 = {
						CreatedOnToolsVersion = 13.4.1;
					};
				};
			};
			buildConfigurationList = BD69EB1E28866FE800FC4DE3 /* Build configuration list for PBXProject "esteeLauder" */;
			compatibilityVersion = "Xcode 13.0";
			developmentRegion = en;
			hasScannedForEncodings = 0;
			knownRegions = (
				en,
				Base,
			);
			mainGroup = BD69EB1A28866FE800FC4DE3;
			productRefGroup = BD69EB2428866FE800FC4DE3 /* Products */;
			projectDirPath = "";
			projectRoot = "";
			targets = (
				BD69EB2228866FE800FC4DE3 /* esteeLauder */,
			);
		};
/* End PBXProject section */

/* Begin PBXResourcesBuildPhase section */
		BD69EB2128866FE800FC4DE3 /* Resources */ = {
			isa = PBXResourcesBuildPhase;
			buildActionMask = 2147483647;
			files = (
				BD69EB3328866FE800FC4DE3 /* LaunchScreen.storyboard in Resources */,
				BD69EB3028866FE800FC4DE3 /* Assets.xcassets in Resources */,
				BD69EB2E28866FE800FC4DE3 /* Main.storyboard in Resources */,
			);
			runOnlyForDeploymentPostprocessing = 0;
		};
/* End PBXResourcesBuildPhase section */

/* Begin PBXSourcesBuildPhase section */
		BD69EB1F28866FE800FC4DE3 /* Sources */ = {
			isa = PBXSourcesBuildPhase;
			buildActionMask = 2147483647;
			files = (
				BD69EB2B28866FE800FC4DE3 /* ViewController.swift in Sources */,
				BD69EB2728866FE800FC4DE3 /* AppDelegate.swift in Sources */,
				BDCAB7D32888DCF400BFBB5C /* videoPage.swift in Sources */,
				BD7BD93F2887A72000026F37 /* productPage.swift in Sources */,
				BD69EB2928866FE800FC4DE3 /* SceneDelegate.swift in Sources */,
				BD7BD9412887A80600026F37 /* openingPage.swift in Sources */,
			);
			runOnlyForDeploymentPostprocessing = 0;
		};
/* End PBXSourcesBuildPhase section */

/* Begin PBXVariantGroup section */
		BD69EB2C28866FE800FC4DE3 /* Main.storyboard */ = {
			isa = PBXVariantGroup;
			children = (
				BD69EB2D28866FE800FC4DE3 /* Base */,
			);
			name = Main.storyboard;
			sourceTree = "<group>";
		};
		BD69EB3128866FE800FC4DE3 /* LaunchScreen.storyboard */ = {
			isa = PBXVariantGroup;
			children = (
				BD69EB3228866FE800FC4DE3 /* Base */,
			);
			name = LaunchScreen.storyboard;
			sourceTree = "<group>";
		};
/* End PBXVariantGroup section */

/* Begin XCBuildConfiguration section */
		BD69EB3528866FE800FC4DE3 /* Debug */ = {
			isa = XCBuildConfiguration;
			buildSettings = {
				ALWAYS_SEARCH_USER_PATHS = NO;
				CLANG_ANALYZER_NONNULL = YES;
				CLANG_ANALYZER_NUMBER_OBJECT_CONVERSION = YES_AGGRESSIVE;
				CLANG_CXX_LANGUAGE_STANDARD = "gnu++17";
				CLANG_ENABLE_MODULES = YES;
				CLANG_ENABLE_OBJC_ARC = YES;
				CLANG_ENABLE_OBJC_WEAK = YES;
				CLANG_WARN_BLOCK_CAPTURE_AUTORELEASING = YES;
				CLANG_WARN_BOOL_CONVERSION = YES;
				CLANG_WARN_COMMA = YES;
				CLANG_WARN_CONSTANT_CONVERSION = YES;
				CLANG_WARN_DEPRECATED_OBJC_IMPLEMENTATIONS = YES;
				CLANG_WARN_DIRECT_OBJC_ISA_USAGE = YES_ERROR;
				CLANG_WARN_DOCUMENTATION_COMMENTS = YES;
				CLANG_WARN_EMPTY_BODY = YES;
				CLANG_WARN_ENUM_CONVERSION = YES;
				CLANG_WARN_INFINITE_RECURSION = YES;
				CLANG_WARN_INT_CONVERSION = YES;
				CLANG_WARN_NON_LITERAL_NULL_CONVERSION = YES;
				CLANG_WARN_OBJC_IMPLICIT_RETAIN_SELF = YES;
				CLANG_WARN_OBJC_LITERAL_CONVERSION = YES;
				CLANG_WARN_OBJC_ROOT_CLASS = YES_ERROR;
				CLANG_WARN_QUOTED_INCLUDE_IN_FRAMEWORK_HEADER = YES;
				CLANG_WARN_RANGE_LOOP_ANALYSIS = YES;
				CLANG_WARN_STRICT_PROTOTYPES = YES;
				CLANG_WARN_SUSPICIOUS_MOVE = YES;
				CLANG_WARN_UNGUARDED_AVAILABILITY = YES_AGGRESSIVE;
				CLANG_WARN_UNREACHABLE_CODE = YES;
				CLANG_WARN__DUPLICATE_METHOD_MATCH = YES;
				COPY_PHASE_STRIP = NO;
				DEBUG_INFORMATION_FORMAT = dwarf;
				ENABLE_STRICT_OBJC_MSGSEND = YES;
				ENABLE_TESTABILITY = YES;
				GCC_C_LANGUAGE_STANDARD = gnu11;
				GCC_DYNAMIC_NO_PIC = NO;
				GCC_NO_COMMON_BLOCKS = YES;
				GCC_OPTIMIZATION_LEVEL = 0;
				GCC_PREPROCESSOR_DEFINITIONS = (
					"DEBUG=1",
					"$(inherited)",
				);
				GCC_WARN_64_TO_32_BIT_CONVERSION = YES;
				GCC_WARN_ABOUT_RETURN_TYPE = YES_ERROR;
				GCC_WARN_UNDECLARED_SELECTOR = YES;
				GCC_WARN_UNINITIALIZED_AUTOS = YES_AGGRESSIVE;
				GCC_WARN_UNUSED_FUNCTION = YES;
				GCC_WARN_UNUSED_VARIABLE = YES;
				IPHONEOS_DEPLOYMENT_TARGET = 15.5;
				MTL_ENABLE_DEBUG_INFO = INCLUDE_SOURCE;
				MTL_FAST_MATH = YES;
				ONLY_ACTIVE_ARCH = YES;
				SDKROOT = iphoneos;
				SWIFT_ACTIVE_COMPILATION_CONDITIONS = DEBUG;
				SWIFT_OPTIMIZATION_LEVEL = "-Onone";
			};
			name = Debug;
		};
		BD69EB3628866FE800FC4DE3 /* Release */ = {
			isa = XCBuildConfiguration;
			buildSettings = {
				ALWAYS_SEARCH_USER_PATHS = NO;
				CLANG_ANALYZER_NONNULL = YES;
				CLANG_ANALYZER_NUMBER_OBJECT_CONVERSION = YES_AGGRESSIVE;
				CLANG_CXX_LANGUAGE_STANDARD = "gnu++17";
				CLANG_ENABLE_MODULES = YES;
				CLANG_ENABLE_OBJC_ARC = YES;
				CLANG_ENABLE_OBJC_WEAK = YES;
				CLANG_WARN_BLOCK_CAPTURE_AUTORELEASING = YES;
				CLANG_WARN_BOOL_CONVERSION = YES;
				CLANG_WARN_COMMA = YES;
				CLANG_WARN_CONSTANT_CONVERSION = YES;
				CLANG_WARN_DEPRECATED_OBJC_IMPLEMENTATIONS = YES;
				CLANG_WARN_DIRECT_OBJC_ISA_USAGE = YES_ERROR;
				CLANG_WARN_DOCUMENTATION_COMMENTS = YES;
				CLANG_WARN_EMPTY_BODY = YES;
				CLANG_WARN_ENUM_CONVERSION = YES;
				CLANG_WARN_INFINITE_RECURSION = YES;
				CLANG_WARN_INT_CONVERSION = YES;
				CLANG_WARN_NON_LITERAL_NULL_CONVERSION = YES;
				CLANG_WARN_OBJC_IMPLICIT_RETAIN_SELF = YES;
				CLANG_WARN_OBJC_LITERAL_CONVERSION = YES;
				CLANG_WARN_OBJC_ROOT_CLASS = YES_ERROR;
				CLANG_WARN_QUOTED_INCLUDE_IN_FRAMEWORK_HEADER = YES;
				CLANG_WARN_RANGE_LOOP_ANALYSIS = YES;
				CLANG_WARN_STRICT_PROTOTYPES = YES;
				CLANG_WARN_SUSPICIOUS_MOVE = YES;
				CLANG_WARN_UNGUARDED_AVAILABILITY = YES_AGGRESSIVE;
				CLANG_WARN_UNREACHABLE_CODE = YES;
				CLANG_WARN__DUPLICATE_METHOD_MATCH = YES;
				COPY_PHASE_STRIP = NO;
				DEBUG_INFORMATION_FORMAT = "dwarf-with-dsym";
				ENABLE_NS_ASSERTIONS = NO;
				ENABLE_STRICT_OBJC_MSGSEND = YES;
				GCC_C_LANGUAGE_STANDARD = gnu11;
				GCC_NO_COMMON_BLOCKS = YES;
				GCC_WARN_64_TO_32_BIT_CONVERSION = YES;
				GCC_WARN_ABOUT_RETURN_TYPE = YES_ERROR;
				GCC_WARN_UNDECLARED_SELECTOR = YES;
				GCC_WARN_UNINITIALIZED_AUTOS = YES_AGGRESSIVE;
				GCC_WARN_UNUSED_FUNCTION = YES;
				GCC_WARN_UNUSED_VARIABLE = YES;
				IPHONEOS_DEPLOYMENT_TARGET = 15.5;
				MTL_ENABLE_DEBUG_INFO = NO;
				MTL_FAST_MATH = YES;
				SDKROOT = iphoneos;
				SWIFT_COMPILATION_MODE = wholemodule;
				SWIFT_OPTIMIZATION_LEVEL = "-O";
				VALIDATE_PRODUCT = YES;
			};
			name = Release;
		};
		BD69EB3828866FE800FC4DE3 /* Debug */ = {
			isa = XCBuildConfiguration;
			buildSettings = {
				ASSETCATALOG_COMPILER_APPICON_NAME = AppIcon;
				ASSETCATALOG_COMPILER_GLOBAL_ACCENT_COLOR_NAME = AccentColor;
				CODE_SIGN_STYLE = Automatic;
				CURRENT_PROJECT_VERSION = 1;
				DEVELOPMENT_TEAM = Z8Y7GAL399;
				GENERATE_INFOPLIST_FILE = YES;
				INFOPLIST_FILE = esteeLauder/Info.plist;
				INFOPLIST_KEY_UIApplicationSupportsIndirectInputEvents = YES;
				INFOPLIST_KEY_UILaunchStoryboardName = LaunchScreen;
				INFOPLIST_KEY_UIMainStoryboardFile = Main;
				INFOPLIST_KEY_UISupportedInterfaceOrientations_iPad = "UIInterfaceOrientationPortrait UIInterfaceOrientationPortraitUpsideDown UIInterfaceOrientationLandscapeLeft UIInterfaceOrientationLandscapeRight";
				INFOPLIST_KEY_UISupportedInterfaceOrientations_iPhone = "UIInterfaceOrientationPortrait UIInterfaceOrientationLandscapeLeft UIInterfaceOrientationLandscapeRight";
				LD_RUNPATH_SEARCH_PATHS = (
					"$(inherited)",
					"@executable_path/Frameworks",
				);
				MARKETING_VERSION = 1.0;
				PRODUCT_BUNDLE_IDENTIFIER = KWK3.3.esteeLauder;
				PRODUCT_NAME = "$(TARGET_NAME)";
				SWIFT_EMIT_LOC_STRINGS = YES;
				SWIFT_VERSION = 5.0;
				TARGETED_DEVICE_FAMILY = "1,2";
			};
			name = Debug;
		};
		BD69EB3928866FE800FC4DE3 /* Release */ = {
			isa = XCBuildConfiguration;
			buildSettings = {
				ASSETCATALOG_COMPILER_APPICON_NAME = AppIcon;
				ASSETCATALOG_COMPILER_GLOBAL_ACCENT_COLOR_NAME = AccentColor;
				CODE_SIGN_STYLE = Automatic;
				CURRENT_PROJECT_VERSION = 1;
				DEVELOPMENT_TEAM = Z8Y7GAL399;
				GENERATE_INFOPLIST_FILE = YES;
				INFOPLIST_FILE = esteeLauder/Info.plist;
				INFOPLIST_KEY_UIApplicationSupportsIndirectInputEvents = YES;
				INFOPLIST_KEY_UILaunchStoryboardName = LaunchScreen;
				INFOPLIST_KEY_UIMainStoryboardFile = Main;
				INFOPLIST_KEY_UISupportedInterfaceOrientations_iPad = "UIInterfaceOrientationPortrait UIInterfaceOrientationPortraitUpsideDown UIInterfaceOrientationLandscapeLeft UIInterfaceOrientationLandscapeRight";
				INFOPLIST_KEY_UISupportedInterfaceOrientations_iPhone = "UIInterfaceOrientationPortrait UIInterfaceOrientationLandscapeLeft UIInterfaceOrientationLandscapeRight";
				LD_RUNPATH_SEARCH_PATHS = (
					"$(inherited)",
					"@executable_path/Frameworks",
				);
				MARKETING_VERSION = 1.0;
				PRODUCT_BUNDLE_IDENTIFIER = KWK3.3.esteeLauder;
				PRODUCT_NAME = "$(TARGET_NAME)";
				SWIFT_EMIT_LOC_STRINGS = YES;
				SWIFT_VERSION = 5.0;
				TARGETED_DEVICE_FAMILY = "1,2";
			};
			name = Release;
		};
/* End XCBuildConfiguration section */

/* Begin XCConfigurationList section */
		BD69EB1E28866FE800FC4DE3 /* Build configuration list for PBXProject "esteeLauder" */ = {
			isa = XCConfigurationList;
			buildConfigurations = (
				BD69EB3528866FE800FC4DE3 /* Debug */,
				BD69EB3628866FE800FC4DE3 /* Release */,
			);
			defaultConfigurationIsVisible = 0;
			defaultConfigurationName = Release;
		};
		BD69EB3728866FE800FC4DE3 /* Build configuration list for PBXNativeTarget "esteeLauder" */ = {
			isa = XCConfigurationList;
			buildConfigurations = (
				BD69EB3828866FE800FC4DE3 /* Debug */,
				BD69EB3928866FE800FC4DE3 /* Release */,
			);
			defaultConfigurationIsVisible = 0;
			defaultConfigurationName = Release;
		};
/* End XCConfigurationList section */
	};
	rootObject = BD69EB1B28866FE800FC4DE3 /* Project object */;
}
